
Microsoft Visual Studio Solution File, Format Version 12.00
# Visual Studio Version 17
VisualStudioVersion = 17.0.31919.166
MinimumVisualStudioVersion = 10.0.40219.1
Project("{FAE04EC0-301F-11D3-BF4B-00C04F79EFBC}") = "Oprosnik", "Oprosnik\Oprosnik.csproj", "{46C23469-E819-4DC4-894E-5313A1C9B5D2}"
EndProject
Global
	GlobalSection(SolutionConfigurationPlatforms) = preSolution
		Debug|Any CPU = Debug|Any CPU
		Release|Any CPU = Release|Any CPU
	EndGlobalSection
	GlobalSection(ProjectConfigurationPlatforms) = postSolution
		{46C23469-E819-4DC4-894E-5313A1C9B5D2}.Debug|Any CPU.ActiveCfg = Debug|Any CPU
		{46C23469-E819-4DC4-894E-5313A1C9B5D2}.Debug|Any CPU.Build.0 = Debug|Any CPU
		{46C23469-E819-4DC4-894E-5313A1C9B5D2}.Release|Any CPU.ActiveCfg = Release|Any CPU
		{46C23469-E819-4DC4-894E-5313A1C9B5D2}.Release|Any CPU.Build.0 = Release|Any CPU
	EndGlobalSection
	GlobalSection(SolutionProperties) = preSolution
		HideSolutionNode = FALSE
	EndGlobalSection
	GlobalSection(ExtensibilityGlobals) = postSolution
		SolutionGuid = {19544096-842E-4792-80DF-D927403A9B7A}
	EndGlobalSection
EndGlobal
